
Microsoft Visual Studio Solution File, Format Version 12.00
# Visual Studio Version 17
VisualStudioVersion = 17.3.32819.101
MinimumVisualStudioVersion = 10.0.40219.1
Project("{2150E333-8FDC-42A3-9474-1A3956D46DE8}") = "BuildingBlocks", "BuildingBlocks", "{06F2EB96-1F93-475F-9954-62D8FEF6935D}"
EndProject
Project("{2150E333-8FDC-42A3-9474-1A3956D46DE8}") = "Services", "Services", "{5C0444D1-5C32-4657-8A1F-96C63EA0074E}"
EndProject
Project("{2150E333-8FDC-42A3-9474-1A3956D46DE8}") = "Customer", "Customer", "{FD1C2614-4F51-475D-9284-D37666184A00}"
EndProject
Project("{9A19103F-16F7-4668-BE54-9A1E7A4F7556}") = "Shared", "BuildingBlocks\Shared\Shared\Shared.csproj", "{BBB19874-65FD-4B01-9BA0-F39B67F79492}"
EndProject
Project("{2150E333-8FDC-42A3-9474-1A3956D46DE8}") = "Shared", "Shared", "{CADF75CB-84B2-4CF5-B137-58C9A1C76981}"
EndProject
Project("{9A19103F-16F7-4668-BE54-9A1E7A4F7556}") = "Customer.Api", "Services\Customer\Customer\Customer.Api\Customer.Api.csproj", "{D753A11C-5027-4576-8F7D-011FA0E4BD57}"
EndProject
Project("{9A19103F-16F7-4668-BE54-9A1E7A4F7556}") = "Customer.Domain", "Services\Customer\Customer.Domain\Customer.Domain.csproj", "{0D87CA96-3B24-4FDA-A510-0347D8C6D221}"
EndProject
Project("{9A19103F-16F7-4668-BE54-9A1E7A4F7556}") = "Customer.Infrastructure", "Services\Customer\Customer.Infrastructure\Customer.Infrastructure.csproj", "{1943A4E3-D87D-4B24-9A20-03C730212E27}"
EndProject
Project("{9A19103F-16F7-4668-BE54-9A1E7A4F7556}") = "Customer.Application", "Services\Customer\Customer.Application\Customer.Application.csproj", "{CD508F38-A1B7-4245-A46D-4CD82221A04F}"
EndProject
Project("{2150E333-8FDC-42A3-9474-1A3956D46DE8}") = "Repository", "Repository", "{31D55095-C216-49A1-BA2D-F52198891BE1}"
EndProject
Project("{FAE04EC0-301F-11D3-BF4B-00C04F79EFBC}") = "Repository", "BuildingBlocks\Repository\Repository.csproj", "{595B778E-E6C8-40B7-9D7E-49F9A2FAC67B}"
EndProject
Project("{2150E333-8FDC-42A3-9474-1A3956D46DE8}") = "Solution Items", "Solution Items", "{FB375483-7BDE-4BE3-A27D-6DFCE9E38022}"
	ProjectSection(SolutionItems) = preProject
		.editorconfig = .editorconfig
		DatabaseInsertScripts.sql = DatabaseInsertScripts.sql
		ReadMe.md = ReadMe.md
	EndProjectSection
EndProject
Project("{2150E333-8FDC-42A3-9474-1A3956D46DE8}") = "test", "test", "{DB71285E-73FB-4FBD-8AFC-0BE78BE046E9}"
EndProject
Project("{FAE04EC0-301F-11D3-BF4B-00C04F79EFBC}") = "Customer.Application.UnitTests", "test\Customer.Application.UnitTests\Customer.Application.UnitTests.csproj", "{0073E1B5-6309-4347-B6E9-4FF95DD0A912}"
EndProject
Project("{FAE04EC0-301F-11D3-BF4B-00C04F79EFBC}") = "UnitTest.Extensions", "BuildingBlocks\UnitTest.Extensions\UnitTest.Extensions.csproj", "{2DDD3C8C-CE5C-475F-AD0B-081825667C90}"
EndProject
Project("{2150E333-8FDC-42A3-9474-1A3956D46DE8}") = "Notification", "Notification", "{13E6B485-4CCA-4CEE-922D-5C1E1B75E7F0}"
EndProject
Project("{FAE04EC0-301F-11D3-BF4B-00C04F79EFBC}") = "Notifications.Api", "Services\Notifications\Notifications.Api\Notifications.Api.csproj", "{F7A1DAE6-5B34-4298-A922-A196F49EBDAC}"
EndProject
Project("{2150E333-8FDC-42A3-9474-1A3956D46DE8}") = "EventBus", "EventBus", "{5FA4AF78-067F-4EBA-9448-55119B5B4A8B}"
EndProject
Project("{FAE04EC0-301F-11D3-BF4B-00C04F79EFBC}") = "EventBus", "BuildingBlocks\EventBus\EventBus\EventBus.csproj", "{C393B417-81AE-4B4E-A652-0BFDF1419520}"
EndProject
Project("{2150E333-8FDC-42A3-9474-1A3956D46DE8}") = "UnitTestExtensions", "UnitTestExtensions", "{37F59B81-6E9A-4A6D-A984-8B4206B54721}"
EndProject
Project("{2150E333-8FDC-42A3-9474-1A3956D46DE8}") = "Customer", "Customer", "{D9202E62-3C40-40FE-A129-88BA5B718807}"
EndProject
Global
	GlobalSection(SolutionConfigurationPlatforms) = preSolution
		Debug|Any CPU = Debug|Any CPU
		Release|Any CPU = Release|Any CPU
	EndGlobalSection
	GlobalSection(ProjectConfigurationPlatforms) = postSolution
		{BBB19874-65FD-4B01-9BA0-F39B67F79492}.Debug|Any CPU.ActiveCfg = Debug|Any CPU
		{BBB19874-65FD-4B01-9BA0-F39B67F79492}.Debug|Any CPU.Build.0 = Debug|Any CPU
		{BBB19874-65FD-4B01-9BA0-F39B67F79492}.Release|Any CPU.ActiveCfg = Release|Any CPU
		{BBB19874-65FD-4B01-9BA0-F39B67F79492}.Release|Any CPU.Build.0 = Release|Any CPU
		{D753A11C-5027-4576-8F7D-011FA0E4BD57}.Debug|Any CPU.ActiveCfg = Debug|Any CPU
		{D753A11C-5027-4576-8F7D-011FA0E4BD57}.Debug|Any CPU.Build.0 = Debug|Any CPU
		{D753A11C-5027-4576-8F7D-011FA0E4BD57}.Release|Any CPU.ActiveCfg = Release|Any CPU
		{D753A11C-5027-4576-8F7D-011FA0E4BD57}.Release|Any CPU.Build.0 = Release|Any CPU
		{0D87CA96-3B24-4FDA-A510-0347D8C6D221}.Debug|Any CPU.ActiveCfg = Debug|Any CPU
		{0D87CA96-3B24-4FDA-A510-0347D8C6D221}.Debug|Any CPU.Build.0 = Debug|Any CPU
		{0D87CA96-3B24-4FDA-A510-0347D8C6D221}.Release|Any CPU.ActiveCfg = Release|Any CPU
		{0D87CA96-3B24-4FDA-A510-0347D8C6D221}.Release|Any CPU.Build.0 = Release|Any CPU
		{1943A4E3-D87D-4B24-9A20-03C730212E27}.Debug|Any CPU.ActiveCfg = Debug|Any CPU
		{1943A4E3-D87D-4B24-9A20-03C730212E27}.Debug|Any CPU.Build.0 = Debug|Any CPU
		{1943A4E3-D87D-4B24-9A20-03C730212E27}.Release|Any CPU.ActiveCfg = Release|Any CPU
		{1943A4E3-D87D-4B24-9A20-03C730212E27}.Release|Any CPU.Build.0 = Release|Any CPU
		{CD508F38-A1B7-4245-A46D-4CD82221A04F}.Debug|Any CPU.ActiveCfg = Debug|Any CPU
		{CD508F38-A1B7-4245-A46D-4CD82221A04F}.Debug|Any CPU.Build.0 = Debug|Any CPU
		{CD508F38-A1B7-4245-A46D-4CD82221A04F}.Release|Any CPU.ActiveCfg = Release|Any CPU
		{CD508F38-A1B7-4245-A46D-4CD82221A04F}.Release|Any CPU.Build.0 = Release|Any CPU
		{595B778E-E6C8-40B7-9D7E-49F9A2FAC67B}.Debug|Any CPU.ActiveCfg = Debug|Any CPU
		{595B778E-E6C8-40B7-9D7E-49F9A2FAC67B}.Debug|Any CPU.Build.0 = Debug|Any CPU
		{595B778E-E6C8-40B7-9D7E-49F9A2FAC67B}.Release|Any CPU.ActiveCfg = Release|Any CPU
		{595B778E-E6C8-40B7-9D7E-49F9A2FAC67B}.Release|Any CPU.Build.0 = Release|Any CPU
		{0073E1B5-6309-4347-B6E9-4FF95DD0A912}.Debug|Any CPU.ActiveCfg = Debug|Any CPU
		{0073E1B5-6309-4347-B6E9-4FF95DD0A912}.Debug|Any CPU.Build.0 = Debug|Any CPU
		{0073E1B5-6309-4347-B6E9-4FF95DD0A912}.Release|Any CPU.ActiveCfg = Release|Any CPU
		{0073E1B5-6309-4347-B6E9-4FF95DD0A912}.Release|Any CPU.Build.0 = Release|Any CPU
		{2DDD3C8C-CE5C-475F-AD0B-081825667C90}.Debug|Any CPU.ActiveCfg = Debug|Any CPU
		{2DDD3C8C-CE5C-475F-AD0B-081825667C90}.Debug|Any CPU.Build.0 = Debug|Any CPU
		{2DDD3C8C-CE5C-475F-AD0B-081825667C90}.Release|Any CPU.ActiveCfg = Release|Any CPU
		{2DDD3C8C-CE5C-475F-AD0B-081825667C90}.Release|Any CPU.Build.0 = Release|Any CPU
		{F7A1DAE6-5B34-4298-A922-A196F49EBDAC}.Debug|Any CPU.ActiveCfg = Debug|Any CPU
		{F7A1DAE6-5B34-4298-A922-A196F49EBDAC}.Debug|Any CPU.Build.0 = Debug|Any CPU
		{F7A1DAE6-5B34-4298-A922-A196F49EBDAC}.Release|Any CPU.ActiveCfg = Release|Any CPU
		{F7A1DAE6-5B34-4298-A922-A196F49EBDAC}.Release|Any CPU.Build.0 = Release|Any CPU
		{C393B417-81AE-4B4E-A652-0BFDF1419520}.Debug|Any CPU.ActiveCfg = Debug|Any CPU
		{C393B417-81AE-4B4E-A652-0BFDF1419520}.Debug|Any CPU.Build.0 = Debug|Any CPU
		{C393B417-81AE-4B4E-A652-0BFDF1419520}.Release|Any CPU.ActiveCfg = Release|Any CPU
		{C393B417-81AE-4B4E-A652-0BFDF1419520}.Release|Any CPU.Build.0 = Release|Any CPU
	EndGlobalSection
	GlobalSection(SolutionProperties) = preSolution
		HideSolutionNode = FALSE
	EndGlobalSection
	GlobalSection(NestedProjects) = preSolution
		{FD1C2614-4F51-475D-9284-D37666184A00} = {5C0444D1-5C32-4657-8A1F-96C63EA0074E}
		{BBB19874-65FD-4B01-9BA0-F39B67F79492} = {CADF75CB-84B2-4CF5-B137-58C9A1C76981}
		{CADF75CB-84B2-4CF5-B137-58C9A1C76981} = {06F2EB96-1F93-475F-9954-62D8FEF6935D}
		{D753A11C-5027-4576-8F7D-011FA0E4BD57} = {FD1C2614-4F51-475D-9284-D37666184A00}
		{0D87CA96-3B24-4FDA-A510-0347D8C6D221} = {FD1C2614-4F51-475D-9284-D37666184A00}
		{1943A4E3-D87D-4B24-9A20-03C730212E27} = {FD1C2614-4F51-475D-9284-D37666184A00}
		{CD508F38-A1B7-4245-A46D-4CD82221A04F} = {FD1C2614-4F51-475D-9284-D37666184A00}
		{31D55095-C216-49A1-BA2D-F52198891BE1} = {06F2EB96-1F93-475F-9954-62D8FEF6935D}
		{595B778E-E6C8-40B7-9D7E-49F9A2FAC67B} = {31D55095-C216-49A1-BA2D-F52198891BE1}
		{0073E1B5-6309-4347-B6E9-4FF95DD0A912} = {D9202E62-3C40-40FE-A129-88BA5B718807}
		{2DDD3C8C-CE5C-475F-AD0B-081825667C90} = {37F59B81-6E9A-4A6D-A984-8B4206B54721}
		{13E6B485-4CCA-4CEE-922D-5C1E1B75E7F0} = {5C0444D1-5C32-4657-8A1F-96C63EA0074E}
		{F7A1DAE6-5B34-4298-A922-A196F49EBDAC} = {13E6B485-4CCA-4CEE-922D-5C1E1B75E7F0}
		{5FA4AF78-067F-4EBA-9448-55119B5B4A8B} = {06F2EB96-1F93-475F-9954-62D8FEF6935D}
		{C393B417-81AE-4B4E-A652-0BFDF1419520} = {5FA4AF78-067F-4EBA-9448-55119B5B4A8B}
		{37F59B81-6E9A-4A6D-A984-8B4206B54721} = {06F2EB96-1F93-475F-9954-62D8FEF6935D}
		{D9202E62-3C40-40FE-A129-88BA5B718807} = {DB71285E-73FB-4FBD-8AFC-0BE78BE046E9}
	EndGlobalSection
	GlobalSection(ExtensibilityGlobals) = postSolution
		SolutionGuid = {85D349BE-1DB5-49E5-B852-6372D9AFB7A5}
	EndGlobalSection
EndGlobal
